
Microsoft Visual Studio Solution File, Format Version 12.00
# Visual Studio Version 17
VisualStudioVersion = 17.5.33516.290
MinimumVisualStudioVersion = 10.0.40219.1
Project("{FAE04EC0-301F-11D3-BF4B-00C04F79EFBC}") = "WesternRestApiCoreInMemory", "WesternRestApiCoreInMemory\WesternRestApiCoreInMemory.csproj", "{17F05782-E0B5-4A55-B3CE-EB78DBA3D49E}"
EndProject
Global
	GlobalSection(SolutionConfigurationPlatforms) = preSolution
		Debug|Any CPU = Debug|Any CPU
		Release|Any CPU = Release|Any CPU
	EndGlobalSection
	GlobalSection(ProjectConfigurationPlatforms) = postSolution
		{17F05782-E0B5-4A55-B3CE-EB78DBA3D49E}.Debug|Any CPU.ActiveCfg = Debug|Any CPU
		{17F05782-E0B5-4A55-B3CE-EB78DBA3D49E}.Debug|Any CPU.Build.0 = Debug|Any CPU
		{17F05782-E0B5-4A55-B3CE-EB78DBA3D49E}.Release|Any CPU.ActiveCfg = Release|Any CPU
		{17F05782-E0B5-4A55-B3CE-EB78DBA3D49E}.Release|Any CPU.Build.0 = Release|Any CPU
	EndGlobalSection
	GlobalSection(SolutionProperties) = preSolution
		HideSolutionNode = FALSE
	EndGlobalSection
	GlobalSection(ExtensibilityGlobals) = postSolution
		SolutionGuid = {F1FD5A17-6FC4-4745-A313-4699A868A1F7}
	EndGlobalSection
EndGlobal
